{
  "version": 4,
  "terraform_version": "1.5.7",
  "serial": 111,
  "lineage": "7bb9e935-dac0-7ea7-561b-4ab3e75fcd69",
  "outputs": {},
  "resources": [
    {
      "module": "module.datalake",
      "mode": "managed",
      "type": "google_storage_bucket",
      "name": "tf_references_bucket",
      "provider": "provider[\"registry.terraform.io/hashicorp/google\"]",
      "instances": [
        {
          "schema_version": 3,
          "attributes": {
            "autoclass": [],
            "cors": [],
            "custom_placement_config": [],
            "default_event_based_hold": false,
            "effective_labels": {
              "environment": "varproj_name",
              "goog-terraform-provisioned": "true",
              "owner": "guilhermeviegas",
              "project": "gwrdiscoverysearch1"
            },
            "enable_object_retention": false,
            "encryption": [],
            "force_destroy": false,
            "hierarchical_namespace": [
              {
                "enabled": false
              }
            ],
            "id": "gwrdiscoverysearch-references-bucket",
            "labels": {
              "environment": "varproj_name",
              "owner": "guilhermeviegas",
              "project": "gwrdiscoverysearch1"
            },
            "lifecycle_rule": [
              {
                "action": [
                  {
                    "storage_class": "ARCHIVE",
                    "type": "SetStorageClass"
                  }
                ],
                "condition": [
                  {
                    "age": 180,
                    "created_before": "",
                    "custom_time_before": "",
                    "days_since_custom_time": 0,
                    "days_since_noncurrent_time": 0,
                    "matches_prefix": [],
                    "matches_storage_class": [],
                    "matches_suffix": [],
                    "noncurrent_time_before": "",
                    "num_newer_versions": 0,
                    "send_age_if_zero": false,
                    "send_days_since_custom_time_if_zero": false,
                    "send_days_since_noncurrent_time_if_zero": false,
                    "send_num_newer_versions_if_zero": false,
                    "with_state": "ANY"
                  }
                ]
              }
            ],
            "location": "US",
            "logging": [],
            "name": "gwrdiscoverysearch-references-bucket",
            "project": "gwrdiscoverysearch1",
            "project_number": 489255440213,
            "public_access_prevention": "inherited",
            "requester_pays": false,
            "retention_policy": [],
            "rpo": "DEFAULT",
            "self_link": "https://www.googleapis.com/storage/v1/b/gwrdiscoverysearch-references-bucket",
            "soft_delete_policy": [
              {
                "effective_time": "2025-01-11T05:31:01.473Z",
                "retention_duration_seconds": 604800
              }
            ],
            "storage_class": "NEARLINE",
            "terraform_labels": {
              "environment": "varproj_name",
              "goog-terraform-provisioned": "true",
              "owner": "guilhermeviegas",
              "project": "gwrdiscoverysearch1"
            },
            "timeouts": null,
            "uniform_bucket_level_access": false,
            "url": "gs://gwrdiscoverysearch-references-bucket",
            "versioning": [],
            "website": []
          },
          "sensitive_attributes": [],
          "private": "eyJlMmJmYjczMC1lY2FhLTExZTYtOGY4OC0zNDM2M2JjN2M0YzAiOnsiY3JlYXRlIjo2MDAwMDAwMDAwMDAsInJlYWQiOjI0MDAwMDAwMDAwMCwidXBkYXRlIjoyNDAwMDAwMDAwMDB9LCJzY2hlbWFfdmVyc2lvbiI6IjMifQ=="
        }
      ]
    },
    {
      "module": "module.network",
      "mode": "managed",
      "type": "google_compute_network",
      "name": "tf_vpc",
      "provider": "provider[\"registry.terraform.io/hashicorp/google\"]",
      "instances": [
        {
          "schema_version": 0,
          "attributes": {
            "auto_create_subnetworks": true,
            "delete_default_routes_on_create": false,
            "description": "",
            "enable_ula_internal_ipv6": false,
            "gateway_ipv4": "",
            "id": "projects/gwrdiscoverysearch1/global/networks/gwrdiscoverysearch-vpc",
            "internal_ipv6_range": "",
            "mtu": 0,
            "name": "gwrdiscoverysearch-vpc",
            "network_firewall_policy_enforcement_order": "AFTER_CLASSIC_FIREWALL",
            "network_id": "5268679953258354151",
            "numeric_id": "5268679953258354151",
            "project": "gwrdiscoverysearch1",
            "routing_mode": "REGIONAL",
            "self_link": "https://www.googleapis.com/compute/v1/projects/gwrdiscoverysearch1/global/networks/gwrdiscoverysearch-vpc",
            "timeouts": null
          },
          "sensitive_attributes": [],
          "private": "eyJlMmJmYjczMC1lY2FhLTExZTYtOGY4OC0zNDM2M2JjN2M0YzAiOnsiY3JlYXRlIjoxMjAwMDAwMDAwMDAwLCJkZWxldGUiOjEyMDAwMDAwMDAwMDAsInVwZGF0ZSI6MTIwMDAwMDAwMDAwMH19"
        }
      ]
    },
    {
      "module": "module.searchengine",
      "mode": "managed",
      "type": "google_discovery_engine_data_store",
      "name": "tf_gwr_allreferences_datastore",
      "provider": "provider[\"registry.terraform.io/hashicorp/google\"]",
      "instances": [
        {
          "schema_version": 0,
          "attributes": {
            "content_config": "CONTENT_REQUIRED",
            "create_advanced_site_search": false,
            "create_time": "2025-01-11T08:29:14.012973Z",
            "data_store_id": "gwrdiscoverysearch-allref-ds",
            "default_schema_id": "default_schema",
            "display_name": "ReferencesAll DataStore",
            "document_processing_config": [
              {
                "chunking_config": [],
                "default_parsing_config": [
                  {
                    "digital_parsing_config": [
                      {}
                    ],
                    "layout_parsing_config": [],
                    "ocr_parsing_config": []
                  }
                ],
                "name": "projects/489255440213/locations/global/collections/default_collection/dataStores/gwrdiscoverysearch-allref-ds/documentProcessingConfig",
                "parsing_config_overrides": []
              }
            ],
            "id": "projects/gwrdiscoverysearch1/locations/global/collections/default_collection/dataStores/gwrdiscoverysearch-allref-ds",
            "industry_vertical": "GENERIC",
            "location": "global",
            "name": "projects/489255440213/locations/global/collections/default_collection/dataStores/gwrdiscoverysearch-allref-ds",
            "project": "gwrdiscoverysearch1",
            "skip_default_schema_creation": false,
            "solution_types": [
              "SOLUTION_TYPE_SEARCH"
            ],
            "timeouts": null
          },
          "sensitive_attributes": [],
          "private": "eyJlMmJmYjczMC1lY2FhLTExZTYtOGY4OC0zNDM2M2JjN2M0YzAiOnsiY3JlYXRlIjoxMjAwMDAwMDAwMDAwLCJkZWxldGUiOjEyMDAwMDAwMDAwMDAsInVwZGF0ZSI6MTIwMDAwMDAwMDAwMH19"
        }
      ]
    },
    {
      "module": "module.searchengine",
      "mode": "managed",
      "type": "google_discovery_engine_data_store",
      "name": "tf_gwr_references_datastore",
      "provider": "provider[\"registry.terraform.io/hashicorp/google\"]",
      "instances": [
        {
          "schema_version": 0,
          "attributes": {
            "content_config": "CONTENT_REQUIRED",
            "create_advanced_site_search": false,
            "create_time": "2025-01-11T08:29:14.604265Z",
            "data_store_id": "gwrdiscoverysearch-ref-ds",
            "default_schema_id": "default_schema",
            "display_name": "References DataStore",
            "document_processing_config": [
              {
                "chunking_config": [],
                "default_parsing_config": [
                  {
                    "digital_parsing_config": [
                      {}
                    ],
                    "layout_parsing_config": [],
                    "ocr_parsing_config": []
                  }
                ],
                "name": "projects/489255440213/locations/global/collections/default_collection/dataStores/gwrdiscoverysearch-ref-ds/documentProcessingConfig",
                "parsing_config_overrides": []
              }
            ],
            "id": "projects/gwrdiscoverysearch1/locations/global/collections/default_collection/dataStores/gwrdiscoverysearch-ref-ds",
            "industry_vertical": "GENERIC",
            "location": "global",
            "name": "projects/489255440213/locations/global/collections/default_collection/dataStores/gwrdiscoverysearch-ref-ds",
            "project": "gwrdiscoverysearch1",
            "skip_default_schema_creation": false,
            "solution_types": [
              "SOLUTION_TYPE_SEARCH"
            ],
            "timeouts": null
          },
          "sensitive_attributes": [],
          "private": "eyJlMmJmYjczMC1lY2FhLTExZTYtOGY4OC0zNDM2M2JjN2M0YzAiOnsiY3JlYXRlIjoxMjAwMDAwMDAwMDAwLCJkZWxldGUiOjEyMDAwMDAwMDAwMDAsInVwZGF0ZSI6MTIwMDAwMDAwMDAwMH19"
        }
      ]
    },
    {
      "module": "module.searchengine",
      "mode": "managed",
      "type": "google_discovery_engine_search_engine",
      "name": "tf_gwr_searchengine",
      "provider": "provider[\"registry.terraform.io/hashicorp/google\"]",
      "instances": [
        {
          "schema_version": 0,
          "attributes": {
            "collection_id": "default_collection",
            "common_config": [
              {
                "company_name": "Guigo"
              }
            ],
            "create_time": "",
            "data_store_ids": [
              "gwrdiscoverysearch-ref-ds",
              "gwrdiscoverysearch-allref-ds"
            ],
            "display_name": "GWR References Seearch Engine",
            "engine_id": "gwrdiscoverysearch-search-engine",
            "id": "projects/gwrdiscoverysearch1/locations/global/collections/default_collection/engines/gwrdiscoverysearch-search-engine",
            "industry_vertical": "GENERIC",
            "location": "global",
            "name": "projects/489255440213/locations/global/collections/default_collection/engines/gwrdiscoverysearch-search-engine",
            "project": "gwrdiscoverysearch1",
            "search_engine_config": [
              {
                "search_add_ons": [
                  "SEARCH_ADD_ON_LLM"
                ],
                "search_tier": "SEARCH_TIER_STANDARD"
              }
            ],
            "timeouts": null,
            "update_time": ""
          },
          "sensitive_attributes": [],
          "private": "eyJlMmJmYjczMC1lY2FhLTExZTYtOGY4OC0zNDM2M2JjN2M0YzAiOnsiY3JlYXRlIjoxMjAwMDAwMDAwMDAwLCJkZWxldGUiOjEyMDAwMDAwMDAwMDAsInVwZGF0ZSI6MTIwMDAwMDAwMDAwMH19",
          "dependencies": [
            "module.searchengine.google_discovery_engine_data_store.tf_gwr_allreferences_datastore",
            "module.searchengine.google_discovery_engine_data_store.tf_gwr_references_datastore"
          ]
        }
      ]
    }
  ],
  "check_results": null
}
