{
  "version": 4,
  "terraform_version": "1.5.7",
  "serial": 87,
  "lineage": "7bb9e935-dac0-7ea7-561b-4ab3e75fcd69",
  "outputs": {},
  "resources": [
    {
      "module": "module.compute",
      "mode": "data",
      "type": "google_secret_manager_secret_version",
      "name": "tf_mainsecret",
      "provider": "provider[\"registry.terraform.io/hashicorp/google\"]",
      "instances": [
        {
          "schema_version": 0,
          "attributes": {
            "create_time": "2025-01-11T04:42:31.503664Z",
            "destroy_time": null,
            "enabled": true,
            "id": "projects/489255440213/secrets/main-passwd/versions/1",
            "is_secret_data_base64": false,
            "name": "projects/489255440213/secrets/main-passwd/versions/1",
            "project": "gwrdiscoverysearch1",
            "secret": "main-passwd",
            "secret_data": "passwd123gwr",
            "version": "1"
          },
          "sensitive_attributes": []
        }
      ]
    },
    {
      "module": "module.compute",
      "mode": "data",
      "type": "google_secret_manager_secret_version",
      "name": "tf_mainuser",
      "provider": "provider[\"registry.terraform.io/hashicorp/google\"]",
      "instances": [
        {
          "schema_version": 0,
          "attributes": {
            "create_time": "2025-01-11T04:41:52.893847Z",
            "destroy_time": null,
            "enabled": true,
            "id": "projects/489255440213/secrets/main-user/versions/1",
            "is_secret_data_base64": false,
            "name": "projects/489255440213/secrets/main-user/versions/1",
            "project": "gwrdiscoverysearch1",
            "secret": "main-user",
            "secret_data": "guigo",
            "version": "1"
          },
          "sensitive_attributes": []
        }
      ]
    },
    {
      "module": "module.compute",
      "mode": "data",
      "type": "google_secret_manager_secret_version",
      "name": "tf_secretgitprivsshk",
      "provider": "provider[\"registry.terraform.io/hashicorp/google\"]",
      "instances": [
        {
          "schema_version": 0,
          "attributes": {
            "create_time": "2025-01-11T04:44:30.264069Z",
            "destroy_time": null,
            "enabled": true,
            "id": "projects/489255440213/secrets/git-ssh-key/versions/1",
            "is_secret_data_base64": false,
            "name": "projects/489255440213/secrets/git-ssh-key/versions/1",
            "project": "gwrdiscoverysearch1",
            "secret": "git-ssh-key",
            "secret_data": "-----BEGIN OPENSSH PRIVATE KEY-----\nb3BlbnNzaC1rZXktdjEAAAAABG5vbmUAAAAEbm9uZQAAAAAAAAABAAACFwAAAAdzc2gtcnNhAAAAAwEAAQAAAgEAr596nVfvtUyesl/ZYd9xMFNtRZLHZebK4AkjeOR+2q9mpjE22ENpqmxv5hOJhKVz6muKoSI0ZzkkGY8xp66YxOkZYyDl1uhOm6xmjqS5aZItFyAwLqVKtxtv2VxkIJMvhp94qeFUq+Dtw2bxS0sMF7t8D4ytGzFvCbe7uYkQiNsGnEllUed7QyA1IUm9HWEjBbEG2zqxzLXf48hjvqQGj339Rp/sEHlriY9kN9/bZOMCz+uxyiQ51cgnPTXxlJg63d92S+RS3RE/rYkFwtg+9wOl5KfFngzNogCiNh0qHftSTNNWO1IRZVdlMSPL82XDGmzN3jho7AGtUwJ3pwjyLewrwlC3vHJUM73fCBplN4uHPpQFGIzDwW+Ot6mTdyhdoJ8YIK6++DgeUZDMhMt9LiLK3E5LLWwIMxBHAzjv974/5ounvIBPQQ9lXc64GHngqly7fG4SFNBZ7sXdd0JilWwR05z9ux9a1H1qisUD9zRufq8rsZ8x7FOghFeSRDoPU/4eYzM/Or9HoWUtiUfAi/xpC6lsTvwmPre+xUYsSxa2KzZImbomADZxYeTzVevE50PA29VwcyykjEoGa6hsJ3tcSPd4CVNwLYjeMM3uqwt8F24NrYVyqBQ4zx4kIrJai5H6WIIWx2wHe3D4PLuUTBQIkqaC/tUGMdHqVrA+thkAAAdYjWk1Ro1pNUYAAAAHc3NoLXJzYQAAAgEAr596nVfvtUyesl/ZYd9xMFNtRZLHZebK4AkjeOR+2q9mpjE22ENpqmxv5hOJhKVz6muKoSI0ZzkkGY8xp66YxOkZYyDl1uhOm6xmjqS5aZItFyAwLqVKtxtv2VxkIJMvhp94qeFUq+Dtw2bxS0sMF7t8D4ytGzFvCbe7uYkQiNsGnEllUed7QyA1IUm9HWEjBbEG2zqxzLXf48hjvqQGj339Rp/sEHlriY9kN9/bZOMCz+uxyiQ51cgnPTXxlJg63d92S+RS3RE/rYkFwtg+9wOl5KfFngzNogCiNh0qHftSTNNWO1IRZVdlMSPL82XDGmzN3jho7AGtUwJ3pwjyLewrwlC3vHJUM73fCBplN4uHPpQFGIzDwW+Ot6mTdyhdoJ8YIK6++DgeUZDMhMt9LiLK3E5LLWwIMxBHAzjv974/5ounvIBPQQ9lXc64GHngqly7fG4SFNBZ7sXdd0JilWwR05z9ux9a1H1qisUD9zRufq8rsZ8x7FOghFeSRDoPU/4eYzM/Or9HoWUtiUfAi/xpC6lsTvwmPre+xUYsSxa2KzZImbomADZxYeTzVevE50PA29VwcyykjEoGa6hsJ3tcSPd4CVNwLYjeMM3uqwt8F24NrYVyqBQ4zx4kIrJai5H6WIIWx2wHe3D4PLuUTBQIkqaC/tUGMdHqVrA+thkAAAADAQABAAACAH1afbB1JdnoWJXFKGpdjHML+UDhpYWsmD4VB8awgYMiE0iodBck9vT39V7prwyI9BXssMSWn4TWGlhMBwtC6jQSlVZWEve0VPd0tLc4CEe8WIbbKMkCnjPYV5t0ANvnctLKXNwUw9Ty9YK1paEybe06mzCWHrD8Nd9fz5R8qtqkSzGeib1OVoLxKDscYOnpfZAAbX5phKMzZh012Uwn0670JKYWW+7eW82SFdxz4is+hbFW8E3yUX2wIaHlMQv5JHtdlxhQXn0AZM0+smgC5d52MiDlR36qcNQjU6UAaCGCU5oWdsRcraICIW5TuK2AgyQHaWImLW3XPJm1dyY4knLZxT/w0sloBQMf8iGCoF9LYNx9GdvXwSy9W+oL2uo/bHbtd1HT8bsIDhJlft7XUx+f+H5OwJVaut9D782cXffm+tuRmXSsIETn3k0XlQ8uzsDKiC8RklFwtKQ+6n6cT+kWtN0K1HfhZdF+XSOGVrA4vC1eJe+FByOm/UTkTF4OqN6sdzMAIvzz/jauDvZGAL43K0NFHwyRNQweiKqJUL5NXmCop2xDhl6b8UcVIFCDFJ2faejPP2VwAfj26ro72Pbh4t96yFYWR04dQL10r0kIX8HMOZCGPm0ZADhkJinogFmOaegqclYwYaXAIDH+p8Rqm55u3BHtOkHexGhzZMmhAAABAQC8mHVwajTCgvMISXRFHcJ/Y3j1AAbC3/5daCvOd2pvfSsDW6DOegCRrBncycVLFMKEHh/FToirrByckaRoJ/DPEuyJismF9hrAK0kChnKrp1Gqqq9xhp3R73tOuFzHFJe+q964sNkoFPiyE41Y+b8w5Uhr68wsypXWtdKcKl/B1wMkGQYB2ydmfHOZ/5RoFsPNs71OfcRwxnQIMYk0WQsUp/iVBiEQVJhqtXKN36YtaJE3PpUMFcaGy90pBWu9RK43h9TNgfy51HWtUfyDbJGCPtGrXzGglor6IrJZsWj/jlmQ0oggxtyqiUqynwGp1PfZDoRxsorMgwkhtbHmHeSiAAABAQDek4y6gZedYZDAvOdJ8In8pXOVQn1TU2Yq9fZeU4SKOMliwEjLzzbHx4um60/aiDJt2FZLM0G+ghXi29nRn1ObTuWdRL/8TTV+xM7j8vtHgn0x2p6hh5UPDclGr2ItYtaFHi7hCrf71wZdBHAF7J+xFl8kgyqWHRK7hchHNK2uT6HBUUCt/9v4z7gazQG0HtlZ2Tpfi4I+4T9Uv6ThIEaxrVldhdIdiTf0rLERVkYCxquLdENLnv+ppAJ4stPENDMMu9hjMDVSbjk4Qg1bKfFeZCVuEoRmyQn8MNF81ImqQ9OLAj4SScQLqMiwMsA57pk4SsalFpf/oZC1M9+SsHUVAAABAQDJ/ukqiddpQ/cN9diuNWGykBkL4bf9o5mLO/P2CQYIa0WenqnSWIptyFxyZ5dv49ZxZzXBE8352vN+RAuvpNpaubzcGjWhb05+q5X9BqO0WAcBTYA3xo+3+4dtTWCqfL6XoZwWzE5EoxT/GYganWAIG9X59D++TKgLRBj99akMflWfM00lK2wAtoaYWnxoPSRYrD14UT4ho+LgXvJp3egZtH8xaBIk6TZxExjs4OzSoCpWrjR4TfYdT/lg4ERlv/USwMlhZZVtG14CwE8RjFCPJ13HT0sNIkhGWDZYwyh6LmpHSWmwmCefl0jpvXOrPaK73lIYEQluGeODBGDakEX1AAAAHWd1aWxoZXJtZXZpZWdhczE5OTNAZ21haWwuY29tAQIDBAU=\n-----END OPENSSH PRIVATE KEY-----",
            "version": "1"
          },
          "sensitive_attributes": []
        }
      ]
    },
    {
      "module": "module.compute",
      "mode": "managed",
      "type": "google_project_iam_member",
      "name": "tf_computeinstance_storageCreator_access",
      "provider": "provider[\"registry.terraform.io/hashicorp/google\"]",
      "instances": [
        {
          "schema_version": 0,
          "attributes": {
            "condition": [],
            "etag": "BwYradwLi2o=",
            "id": "gwrdiscoverysearch1/roles/storage.objectCreator/serviceAccount:gwrdiscoverysearch-sa@gwrdiscoverysearch1.iam.gserviceaccount.com",
            "member": "serviceAccount:gwrdiscoverysearch-sa@gwrdiscoverysearch1.iam.gserviceaccount.com",
            "project": "gwrdiscoverysearch1",
            "role": "roles/storage.objectCreator"
          },
          "sensitive_attributes": [],
          "private": "bnVsbA==",
          "dependencies": [
            "module.compute.google_service_account.tf_computeinstance_service_account"
          ]
        }
      ]
    },
    {
      "module": "module.compute",
      "mode": "managed",
      "type": "google_project_iam_member",
      "name": "tf_computeinstance_storageViewer_access",
      "provider": "provider[\"registry.terraform.io/hashicorp/google\"]",
      "instances": [
        {
          "schema_version": 0,
          "attributes": {
            "condition": [],
            "etag": "BwYradxpBXQ=",
            "id": "gwrdiscoverysearch1/roles/storage.objectViewer/serviceAccount:gwrdiscoverysearch-sa@gwrdiscoverysearch1.iam.gserviceaccount.com",
            "member": "serviceAccount:gwrdiscoverysearch-sa@gwrdiscoverysearch1.iam.gserviceaccount.com",
            "project": "gwrdiscoverysearch1",
            "role": "roles/storage.objectViewer"
          },
          "sensitive_attributes": [],
          "private": "bnVsbA==",
          "dependencies": [
            "module.compute.google_service_account.tf_computeinstance_service_account"
          ]
        }
      ]
    },
    {
      "module": "module.compute",
      "mode": "managed",
      "type": "google_service_account",
      "name": "tf_computeinstance_service_account",
      "provider": "provider[\"registry.terraform.io/hashicorp/google\"]",
      "instances": [
        {
          "schema_version": 0,
          "attributes": {
            "account_id": "gwrdiscoverysearch-sa",
            "create_ignore_already_exists": null,
            "description": "",
            "disabled": false,
            "display_name": "Service account for VM to access GCS",
            "email": "gwrdiscoverysearch-sa@gwrdiscoverysearch1.iam.gserviceaccount.com",
            "id": "projects/gwrdiscoverysearch1/serviceAccounts/gwrdiscoverysearch-sa@gwrdiscoverysearch1.iam.gserviceaccount.com",
            "member": "serviceAccount:gwrdiscoverysearch-sa@gwrdiscoverysearch1.iam.gserviceaccount.com",
            "name": "projects/gwrdiscoverysearch1/serviceAccounts/gwrdiscoverysearch-sa@gwrdiscoverysearch1.iam.gserviceaccount.com",
            "project": "gwrdiscoverysearch1",
            "timeouts": null,
            "unique_id": "104674030148263820150"
          },
          "sensitive_attributes": [],
          "private": "eyJlMmJmYjczMC1lY2FhLTExZTYtOGY4OC0zNDM2M2JjN2M0YzAiOnsiY3JlYXRlIjozMDAwMDAwMDAwMDB9fQ=="
        }
      ]
    },
    {
      "module": "module.datalake",
      "mode": "managed",
      "type": "google_storage_bucket",
      "name": "tf_references_bucket",
      "provider": "provider[\"registry.terraform.io/hashicorp/google\"]",
      "instances": [
        {
          "schema_version": 3,
          "attributes": {
            "autoclass": [],
            "cors": [],
            "custom_placement_config": [],
            "default_event_based_hold": false,
            "effective_labels": {
              "environment": "varproj_name",
              "goog-terraform-provisioned": "true",
              "owner": "guilhermeviegas",
              "project": "gwrdiscoverysearch1"
            },
            "enable_object_retention": false,
            "encryption": [],
            "force_destroy": false,
            "hierarchical_namespace": [
              {
                "enabled": false
              }
            ],
            "id": "gwrdiscoverysearch-references-bucket",
            "labels": {
              "environment": "varproj_name",
              "owner": "guilhermeviegas",
              "project": "gwrdiscoverysearch1"
            },
            "lifecycle_rule": [
              {
                "action": [
                  {
                    "storage_class": "ARCHIVE",
                    "type": "SetStorageClass"
                  }
                ],
                "condition": [
                  {
                    "age": 180,
                    "created_before": "",
                    "custom_time_before": "",
                    "days_since_custom_time": 0,
                    "days_since_noncurrent_time": 0,
                    "matches_prefix": [],
                    "matches_storage_class": [],
                    "matches_suffix": [],
                    "noncurrent_time_before": "",
                    "num_newer_versions": 0,
                    "send_age_if_zero": false,
                    "send_days_since_custom_time_if_zero": false,
                    "send_days_since_noncurrent_time_if_zero": false,
                    "send_num_newer_versions_if_zero": false,
                    "with_state": "ANY"
                  }
                ]
              }
            ],
            "location": "US",
            "logging": [],
            "name": "gwrdiscoverysearch-references-bucket",
            "project": "gwrdiscoverysearch1",
            "project_number": 489255440213,
            "public_access_prevention": "inherited",
            "requester_pays": false,
            "retention_policy": [],
            "rpo": "DEFAULT",
            "self_link": "https://www.googleapis.com/storage/v1/b/gwrdiscoverysearch-references-bucket",
            "soft_delete_policy": [
              {
                "effective_time": "2025-01-11T05:31:01.473Z",
                "retention_duration_seconds": 604800
              }
            ],
            "storage_class": "NEARLINE",
            "terraform_labels": {
              "environment": "varproj_name",
              "goog-terraform-provisioned": "true",
              "owner": "guilhermeviegas",
              "project": "gwrdiscoverysearch1"
            },
            "timeouts": null,
            "uniform_bucket_level_access": false,
            "url": "gs://gwrdiscoverysearch-references-bucket",
            "versioning": [],
            "website": []
          },
          "sensitive_attributes": [],
          "private": "eyJlMmJmYjczMC1lY2FhLTExZTYtOGY4OC0zNDM2M2JjN2M0YzAiOnsiY3JlYXRlIjo2MDAwMDAwMDAwMDAsInJlYWQiOjI0MDAwMDAwMDAwMCwidXBkYXRlIjoyNDAwMDAwMDAwMDB9LCJzY2hlbWFfdmVyc2lvbiI6IjMifQ=="
        }
      ]
    },
    {
      "module": "module.network",
      "mode": "managed",
      "type": "google_compute_address",
      "name": "tf_static_ip",
      "provider": "provider[\"registry.terraform.io/hashicorp/google\"]",
      "instances": [
        {
          "schema_version": 0,
          "attributes": {
            "address": "34.125.85.173",
            "address_type": "EXTERNAL",
            "creation_timestamp": "2025-01-11T00:18:26.073-08:00",
            "description": "",
            "effective_labels": {
              "goog-terraform-provisioned": "true"
            },
            "id": "projects/gwrdiscoverysearch1/regions/us-west4/addresses/gwrdiscoverysearch-static-ip",
            "ip_version": "",
            "ipv6_endpoint_type": "",
            "label_fingerprint": "vezUS-42LLM=",
            "labels": null,
            "name": "gwrdiscoverysearch-static-ip",
            "network": "",
            "network_tier": "PREMIUM",
            "prefix_length": 0,
            "project": "gwrdiscoverysearch1",
            "purpose": "",
            "region": "us-west4",
            "self_link": "https://www.googleapis.com/compute/v1/projects/gwrdiscoverysearch1/regions/us-west4/addresses/gwrdiscoverysearch-static-ip",
            "subnetwork": "",
            "terraform_labels": {
              "goog-terraform-provisioned": "true"
            },
            "timeouts": null,
            "users": []
          },
          "sensitive_attributes": [],
          "private": "eyJlMmJmYjczMC1lY2FhLTExZTYtOGY4OC0zNDM2M2JjN2M0YzAiOnsiY3JlYXRlIjoxMjAwMDAwMDAwMDAwLCJkZWxldGUiOjEyMDAwMDAwMDAwMDAsInVwZGF0ZSI6MTIwMDAwMDAwMDAwMH19"
        }
      ]
    },
    {
      "module": "module.network",
      "mode": "managed",
      "type": "google_compute_firewall",
      "name": "tf_fw_http",
      "provider": "provider[\"registry.terraform.io/hashicorp/google\"]",
      "instances": [
        {
          "schema_version": 1,
          "attributes": {
            "allow": [
              {
                "ports": [
                  "80"
                ],
                "protocol": "tcp"
              }
            ],
            "creation_timestamp": "2025-01-11T00:19:19.079-08:00",
            "deny": [],
            "description": "",
            "destination_ranges": [],
            "direction": "INGRESS",
            "disabled": false,
            "enable_logging": null,
            "id": "projects/gwrdiscoverysearch1/global/firewalls/gwrdiscoverysearch-http",
            "log_config": [],
            "name": "gwrdiscoverysearch-http",
            "network": "https://www.googleapis.com/compute/v1/projects/gwrdiscoverysearch1/global/networks/gwrdiscoverysearch-vpc",
            "priority": 1000,
            "project": "gwrdiscoverysearch1",
            "self_link": "https://www.googleapis.com/compute/v1/projects/gwrdiscoverysearch1/global/firewalls/gwrdiscoverysearch-http",
            "source_ranges": [
              "0.0.0.0/0"
            ],
            "source_service_accounts": null,
            "source_tags": null,
            "target_service_accounts": null,
            "target_tags": null,
            "timeouts": null
          },
          "sensitive_attributes": [],
          "private": "eyJlMmJmYjczMC1lY2FhLTExZTYtOGY4OC0zNDM2M2JjN2M0YzAiOnsiY3JlYXRlIjoxMjAwMDAwMDAwMDAwLCJkZWxldGUiOjEyMDAwMDAwMDAwMDAsInVwZGF0ZSI6MTIwMDAwMDAwMDAwMH0sInNjaGVtYV92ZXJzaW9uIjoiMSJ9",
          "dependencies": [
            "module.network.google_compute_network.tf_vpc"
          ]
        }
      ]
    },
    {
      "module": "module.network",
      "mode": "managed",
      "type": "google_compute_firewall",
      "name": "tf_fw_https",
      "provider": "provider[\"registry.terraform.io/hashicorp/google\"]",
      "instances": [
        {
          "schema_version": 1,
          "attributes": {
            "allow": [
              {
                "ports": [
                  "8080"
                ],
                "protocol": "tcp"
              }
            ],
            "creation_timestamp": "2025-01-11T00:19:19.087-08:00",
            "deny": [],
            "description": "",
            "destination_ranges": [],
            "direction": "INGRESS",
            "disabled": false,
            "enable_logging": null,
            "id": "projects/gwrdiscoverysearch1/global/firewalls/gwrdiscoverysearch-https",
            "log_config": [],
            "name": "gwrdiscoverysearch-https",
            "network": "https://www.googleapis.com/compute/v1/projects/gwrdiscoverysearch1/global/networks/gwrdiscoverysearch-vpc",
            "priority": 1000,
            "project": "gwrdiscoverysearch1",
            "self_link": "https://www.googleapis.com/compute/v1/projects/gwrdiscoverysearch1/global/firewalls/gwrdiscoverysearch-https",
            "source_ranges": [
              "0.0.0.0/0"
            ],
            "source_service_accounts": null,
            "source_tags": null,
            "target_service_accounts": null,
            "target_tags": null,
            "timeouts": null
          },
          "sensitive_attributes": [],
          "private": "eyJlMmJmYjczMC1lY2FhLTExZTYtOGY4OC0zNDM2M2JjN2M0YzAiOnsiY3JlYXRlIjoxMjAwMDAwMDAwMDAwLCJkZWxldGUiOjEyMDAwMDAwMDAwMDAsInVwZGF0ZSI6MTIwMDAwMDAwMDAwMH0sInNjaGVtYV92ZXJzaW9uIjoiMSJ9",
          "dependencies": [
            "module.network.google_compute_network.tf_vpc"
          ]
        }
      ]
    },
    {
      "module": "module.network",
      "mode": "managed",
      "type": "google_compute_firewall",
      "name": "tf_fw_ssh",
      "provider": "provider[\"registry.terraform.io/hashicorp/google\"]",
      "instances": [
        {
          "schema_version": 1,
          "attributes": {
            "allow": [
              {
                "ports": [
                  "22"
                ],
                "protocol": "tcp"
              }
            ],
            "creation_timestamp": "2025-01-11T00:19:19.048-08:00",
            "deny": [],
            "description": "",
            "destination_ranges": [],
            "direction": "INGRESS",
            "disabled": false,
            "enable_logging": null,
            "id": "projects/gwrdiscoverysearch1/global/firewalls/gwrdiscoverysearch-allow-ssh",
            "log_config": [],
            "name": "gwrdiscoverysearch-allow-ssh",
            "network": "https://www.googleapis.com/compute/v1/projects/gwrdiscoverysearch1/global/networks/gwrdiscoverysearch-vpc",
            "priority": 1000,
            "project": "gwrdiscoverysearch1",
            "self_link": "https://www.googleapis.com/compute/v1/projects/gwrdiscoverysearch1/global/firewalls/gwrdiscoverysearch-allow-ssh",
            "source_ranges": [
              "0.0.0.0/0"
            ],
            "source_service_accounts": null,
            "source_tags": null,
            "target_service_accounts": null,
            "target_tags": null,
            "timeouts": null
          },
          "sensitive_attributes": [],
          "private": "eyJlMmJmYjczMC1lY2FhLTExZTYtOGY4OC0zNDM2M2JjN2M0YzAiOnsiY3JlYXRlIjoxMjAwMDAwMDAwMDAwLCJkZWxldGUiOjEyMDAwMDAwMDAwMDAsInVwZGF0ZSI6MTIwMDAwMDAwMDAwMH0sInNjaGVtYV92ZXJzaW9uIjoiMSJ9",
          "dependencies": [
            "module.network.google_compute_network.tf_vpc"
          ]
        }
      ]
    },
    {
      "module": "module.network",
      "mode": "managed",
      "type": "google_compute_network",
      "name": "tf_vpc",
      "provider": "provider[\"registry.terraform.io/hashicorp/google\"]",
      "instances": [
        {
          "schema_version": 0,
          "attributes": {
            "auto_create_subnetworks": true,
            "delete_default_routes_on_create": false,
            "description": "",
            "enable_ula_internal_ipv6": false,
            "gateway_ipv4": "",
            "id": "projects/gwrdiscoverysearch1/global/networks/gwrdiscoverysearch-vpc",
            "internal_ipv6_range": "",
            "mtu": 0,
            "name": "gwrdiscoverysearch-vpc",
            "network_firewall_policy_enforcement_order": "AFTER_CLASSIC_FIREWALL",
            "network_id": "863468238408751037",
            "numeric_id": "863468238408751037",
            "project": "gwrdiscoverysearch1",
            "routing_mode": "REGIONAL",
            "self_link": "https://www.googleapis.com/compute/v1/projects/gwrdiscoverysearch1/global/networks/gwrdiscoverysearch-vpc",
            "timeouts": null
          },
          "sensitive_attributes": [],
          "private": "eyJlMmJmYjczMC1lY2FhLTExZTYtOGY4OC0zNDM2M2JjN2M0YzAiOnsiY3JlYXRlIjoxMjAwMDAwMDAwMDAwLCJkZWxldGUiOjEyMDAwMDAwMDAwMDAsInVwZGF0ZSI6MTIwMDAwMDAwMDAwMH19"
        }
      ]
    },
    {
      "module": "module.network",
      "mode": "managed",
      "type": "google_dns_managed_zone",
      "name": "tf_dns_zone",
      "provider": "provider[\"registry.terraform.io/hashicorp/google\"]",
      "instances": [
        {
          "schema_version": 0,
          "attributes": {
            "cloud_logging_config": [
              {
                "enable_logging": false
              }
            ],
            "creation_time": "2025-01-11T08:18:25.834Z",
            "description": "My DNS zone",
            "dns_name": "guigo.dev.br.",
            "dnssec_config": [],
            "effective_labels": {
              "goog-terraform-provisioned": "true"
            },
            "force_destroy": false,
            "forwarding_config": [],
            "id": "projects/gwrdiscoverysearch1/managedZones/gwrdiscoverysearch-dns-zone",
            "labels": null,
            "managed_zone_id": 2634392313544153303,
            "name": "gwrdiscoverysearch-dns-zone",
            "name_servers": [
              "ns-cloud-d1.googledomains.com.",
              "ns-cloud-d2.googledomains.com.",
              "ns-cloud-d3.googledomains.com.",
              "ns-cloud-d4.googledomains.com."
            ],
            "peering_config": [],
            "private_visibility_config": [],
            "project": "gwrdiscoverysearch1",
            "terraform_labels": {
              "goog-terraform-provisioned": "true"
            },
            "timeouts": null,
            "visibility": "public"
          },
          "sensitive_attributes": [],
          "private": "eyJlMmJmYjczMC1lY2FhLTExZTYtOGY4OC0zNDM2M2JjN2M0YzAiOnsiY3JlYXRlIjoxMjAwMDAwMDAwMDAwLCJkZWxldGUiOjEyMDAwMDAwMDAwMDAsInVwZGF0ZSI6MTIwMDAwMDAwMDAwMH19"
        }
      ]
    },
    {
      "module": "module.network",
      "mode": "managed",
      "type": "google_dns_record_set",
      "name": "tf_a_record",
      "provider": "provider[\"registry.terraform.io/hashicorp/google\"]",
      "instances": [
        {
          "schema_version": 0,
          "attributes": {
            "id": "projects/gwrdiscoverysearch1/managedZones/gwrdiscoverysearch-dns-zone/rrsets/guigo.dev.br./A",
            "managed_zone": "gwrdiscoverysearch-dns-zone",
            "name": "guigo.dev.br.",
            "project": "gwrdiscoverysearch1",
            "routing_policy": [],
            "rrdatas": [
              "34.125.85.173"
            ],
            "ttl": 300,
            "type": "A"
          },
          "sensitive_attributes": [],
          "private": "bnVsbA==",
          "dependencies": [
            "module.network.google_compute_address.tf_static_ip",
            "module.network.google_dns_managed_zone.tf_dns_zone"
          ]
        }
      ]
    },
    {
      "module": "module.network",
      "mode": "managed",
      "type": "google_dns_record_set",
      "name": "tf_www_a_record",
      "provider": "provider[\"registry.terraform.io/hashicorp/google\"]",
      "instances": [
        {
          "schema_version": 0,
          "attributes": {
            "id": "projects/gwrdiscoverysearch1/managedZones/gwrdiscoverysearch-dns-zone/rrsets/www.guigo.dev.br./A",
            "managed_zone": "gwrdiscoverysearch-dns-zone",
            "name": "www.guigo.dev.br.",
            "project": "gwrdiscoverysearch1",
            "routing_policy": [],
            "rrdatas": [
              "34.125.85.173"
            ],
            "ttl": 300,
            "type": "A"
          },
          "sensitive_attributes": [],
          "private": "bnVsbA==",
          "dependencies": [
            "module.network.google_compute_address.tf_static_ip",
            "module.network.google_dns_managed_zone.tf_dns_zone"
          ]
        }
      ]
    },
    {
      "module": "module.searchengine",
      "mode": "managed",
      "type": "google_discovery_engine_search_engine",
      "name": "tf_gwr_searchengine",
      "provider": "provider[\"registry.terraform.io/hashicorp/google\"]",
      "instances": []
    }
  ],
  "check_results": null
}
