{
  "version": 4,
  "terraform_version": "1.5.7",
  "serial": 18,
  "lineage": "7bb9e935-dac0-7ea7-561b-4ab3e75fcd69",
  "outputs": {},
  "resources": [
    {
      "module": "module.compute",
      "mode": "data",
      "type": "google_secret_manager_secret_version",
      "name": "tf_mainsecret",
      "provider": "provider[\"registry.terraform.io/hashicorp/google\"]",
      "instances": [
        {
          "schema_version": 0,
          "attributes": {
            "create_time": "2025-01-11T04:42:31.503664Z",
            "destroy_time": null,
            "enabled": true,
            "id": "projects/489255440213/secrets/main-passwd/versions/1",
            "is_secret_data_base64": false,
            "name": "projects/489255440213/secrets/main-passwd/versions/1",
            "project": "gwrdiscoverysearch1",
            "secret": "main-passwd",
            "secret_data": "passwd123gwr",
            "version": "1"
          },
          "sensitive_attributes": []
        }
      ]
    },
    {
      "module": "module.compute",
      "mode": "data",
      "type": "google_secret_manager_secret_version",
      "name": "tf_mainuser",
      "provider": "provider[\"registry.terraform.io/hashicorp/google\"]",
      "instances": [
        {
          "schema_version": 0,
          "attributes": {
            "create_time": "2025-01-11T04:41:52.893847Z",
            "destroy_time": null,
            "enabled": true,
            "id": "projects/489255440213/secrets/main-user/versions/1",
            "is_secret_data_base64": false,
            "name": "projects/489255440213/secrets/main-user/versions/1",
            "project": "gwrdiscoverysearch1",
            "secret": "main-user",
            "secret_data": "guigo",
            "version": "1"
          },
          "sensitive_attributes": []
        }
      ]
    },
    {
      "module": "module.compute",
      "mode": "data",
      "type": "google_secret_manager_secret_version",
      "name": "tf_secretgitprivsshk",
      "provider": "provider[\"registry.terraform.io/hashicorp/google\"]",
      "instances": [
        {
          "schema_version": 0,
          "attributes": {
            "create_time": "2025-01-11T04:44:30.264069Z",
            "destroy_time": null,
            "enabled": true,
            "id": "projects/489255440213/secrets/git-ssh-key/versions/1",
            "is_secret_data_base64": false,
            "name": "projects/489255440213/secrets/git-ssh-key/versions/1",
            "project": "gwrdiscoverysearch1",
            "secret": "git-ssh-key",
            "secret_data": "-----BEGIN OPENSSH PRIVATE KEY-----\nb3BlbnNzaC1rZXktdjEAAAAABG5vbmUAAAAEbm9uZQAAAAAAAAABAAACFwAAAAdzc2gtcnNhAAAAAwEAAQAAAgEAr596nVfvtUyesl/ZYd9xMFNtRZLHZebK4AkjeOR+2q9mpjE22ENpqmxv5hOJhKVz6muKoSI0ZzkkGY8xp66YxOkZYyDl1uhOm6xmjqS5aZItFyAwLqVKtxtv2VxkIJMvhp94qeFUq+Dtw2bxS0sMF7t8D4ytGzFvCbe7uYkQiNsGnEllUed7QyA1IUm9HWEjBbEG2zqxzLXf48hjvqQGj339Rp/sEHlriY9kN9/bZOMCz+uxyiQ51cgnPTXxlJg63d92S+RS3RE/rYkFwtg+9wOl5KfFngzNogCiNh0qHftSTNNWO1IRZVdlMSPL82XDGmzN3jho7AGtUwJ3pwjyLewrwlC3vHJUM73fCBplN4uHPpQFGIzDwW+Ot6mTdyhdoJ8YIK6++DgeUZDMhMt9LiLK3E5LLWwIMxBHAzjv974/5ounvIBPQQ9lXc64GHngqly7fG4SFNBZ7sXdd0JilWwR05z9ux9a1H1qisUD9zRufq8rsZ8x7FOghFeSRDoPU/4eYzM/Or9HoWUtiUfAi/xpC6lsTvwmPre+xUYsSxa2KzZImbomADZxYeTzVevE50PA29VwcyykjEoGa6hsJ3tcSPd4CVNwLYjeMM3uqwt8F24NrYVyqBQ4zx4kIrJai5H6WIIWx2wHe3D4PLuUTBQIkqaC/tUGMdHqVrA+thkAAAdYjWk1Ro1pNUYAAAAHc3NoLXJzYQAAAgEAr596nVfvtUyesl/ZYd9xMFNtRZLHZebK4AkjeOR+2q9mpjE22ENpqmxv5hOJhKVz6muKoSI0ZzkkGY8xp66YxOkZYyDl1uhOm6xmjqS5aZItFyAwLqVKtxtv2VxkIJMvhp94qeFUq+Dtw2bxS0sMF7t8D4ytGzFvCbe7uYkQiNsGnEllUed7QyA1IUm9HWEjBbEG2zqxzLXf48hjvqQGj339Rp/sEHlriY9kN9/bZOMCz+uxyiQ51cgnPTXxlJg63d92S+RS3RE/rYkFwtg+9wOl5KfFngzNogCiNh0qHftSTNNWO1IRZVdlMSPL82XDGmzN3jho7AGtUwJ3pwjyLewrwlC3vHJUM73fCBplN4uHPpQFGIzDwW+Ot6mTdyhdoJ8YIK6++DgeUZDMhMt9LiLK3E5LLWwIMxBHAzjv974/5ounvIBPQQ9lXc64GHngqly7fG4SFNBZ7sXdd0JilWwR05z9ux9a1H1qisUD9zRufq8rsZ8x7FOghFeSRDoPU/4eYzM/Or9HoWUtiUfAi/xpC6lsTvwmPre+xUYsSxa2KzZImbomADZxYeTzVevE50PA29VwcyykjEoGa6hsJ3tcSPd4CVNwLYjeMM3uqwt8F24NrYVyqBQ4zx4kIrJai5H6WIIWx2wHe3D4PLuUTBQIkqaC/tUGMdHqVrA+thkAAAADAQABAAACAH1afbB1JdnoWJXFKGpdjHML+UDhpYWsmD4VB8awgYMiE0iodBck9vT39V7prwyI9BXssMSWn4TWGlhMBwtC6jQSlVZWEve0VPd0tLc4CEe8WIbbKMkCnjPYV5t0ANvnctLKXNwUw9Ty9YK1paEybe06mzCWHrD8Nd9fz5R8qtqkSzGeib1OVoLxKDscYOnpfZAAbX5phKMzZh012Uwn0670JKYWW+7eW82SFdxz4is+hbFW8E3yUX2wIaHlMQv5JHtdlxhQXn0AZM0+smgC5d52MiDlR36qcNQjU6UAaCGCU5oWdsRcraICIW5TuK2AgyQHaWImLW3XPJm1dyY4knLZxT/w0sloBQMf8iGCoF9LYNx9GdvXwSy9W+oL2uo/bHbtd1HT8bsIDhJlft7XUx+f+H5OwJVaut9D782cXffm+tuRmXSsIETn3k0XlQ8uzsDKiC8RklFwtKQ+6n6cT+kWtN0K1HfhZdF+XSOGVrA4vC1eJe+FByOm/UTkTF4OqN6sdzMAIvzz/jauDvZGAL43K0NFHwyRNQweiKqJUL5NXmCop2xDhl6b8UcVIFCDFJ2faejPP2VwAfj26ro72Pbh4t96yFYWR04dQL10r0kIX8HMOZCGPm0ZADhkJinogFmOaegqclYwYaXAIDH+p8Rqm55u3BHtOkHexGhzZMmhAAABAQC8mHVwajTCgvMISXRFHcJ/Y3j1AAbC3/5daCvOd2pvfSsDW6DOegCRrBncycVLFMKEHh/FToirrByckaRoJ/DPEuyJismF9hrAK0kChnKrp1Gqqq9xhp3R73tOuFzHFJe+q964sNkoFPiyE41Y+b8w5Uhr68wsypXWtdKcKl/B1wMkGQYB2ydmfHOZ/5RoFsPNs71OfcRwxnQIMYk0WQsUp/iVBiEQVJhqtXKN36YtaJE3PpUMFcaGy90pBWu9RK43h9TNgfy51HWtUfyDbJGCPtGrXzGglor6IrJZsWj/jlmQ0oggxtyqiUqynwGp1PfZDoRxsorMgwkhtbHmHeSiAAABAQDek4y6gZedYZDAvOdJ8In8pXOVQn1TU2Yq9fZeU4SKOMliwEjLzzbHx4um60/aiDJt2FZLM0G+ghXi29nRn1ObTuWdRL/8TTV+xM7j8vtHgn0x2p6hh5UPDclGr2ItYtaFHi7hCrf71wZdBHAF7J+xFl8kgyqWHRK7hchHNK2uT6HBUUCt/9v4z7gazQG0HtlZ2Tpfi4I+4T9Uv6ThIEaxrVldhdIdiTf0rLERVkYCxquLdENLnv+ppAJ4stPENDMMu9hjMDVSbjk4Qg1bKfFeZCVuEoRmyQn8MNF81ImqQ9OLAj4SScQLqMiwMsA57pk4SsalFpf/oZC1M9+SsHUVAAABAQDJ/ukqiddpQ/cN9diuNWGykBkL4bf9o5mLO/P2CQYIa0WenqnSWIptyFxyZ5dv49ZxZzXBE8352vN+RAuvpNpaubzcGjWhb05+q5X9BqO0WAcBTYA3xo+3+4dtTWCqfL6XoZwWzE5EoxT/GYganWAIG9X59D++TKgLRBj99akMflWfM00lK2wAtoaYWnxoPSRYrD14UT4ho+LgXvJp3egZtH8xaBIk6TZxExjs4OzSoCpWrjR4TfYdT/lg4ERlv/USwMlhZZVtG14CwE8RjFCPJ13HT0sNIkhGWDZYwyh6LmpHSWmwmCefl0jpvXOrPaK73lIYEQluGeODBGDakEX1AAAAHWd1aWxoZXJtZXZpZWdhczE5OTNAZ21haWwuY29tAQIDBAU=\n-----END OPENSSH PRIVATE KEY-----",
            "version": "1"
          },
          "sensitive_attributes": []
        }
      ]
    },
    {
      "module": "module.compute",
      "mode": "managed",
      "type": "google_compute_instance",
      "name": "tf_computeinstance",
      "provider": "provider[\"registry.terraform.io/hashicorp/google\"]",
      "instances": [
        {
          "schema_version": 6,
          "attributes": {
            "advanced_machine_features": [],
            "allow_stopping_for_update": true,
            "attached_disk": [],
            "boot_disk": [
              {
                "auto_delete": true,
                "device_name": "persistent-disk-0",
                "disk_encryption_key_raw": "",
                "disk_encryption_key_sha256": "",
                "initialize_params": [
                  {
                    "enable_confidential_compute": false,
                    "image": "https://www.googleapis.com/compute/v1/projects/ubuntu-os-cloud/global/images/ubuntu-2204-jammy-v20240927",
                    "labels": {},
                    "provisioned_iops": 0,
                    "provisioned_throughput": 0,
                    "resource_manager_tags": {},
                    "resource_policies": [],
                    "size": 100,
                    "storage_pool": "",
                    "type": "pd-ssd"
                  }
                ],
                "interface": "",
                "kms_key_self_link": "",
                "mode": "READ_WRITE",
                "source": "https://www.googleapis.com/compute/v1/projects/gwrdiscoverysearch1/zones/us-west4-b/disks/gwrdiscoverysearch-computeinstance"
              }
            ],
            "can_ip_forward": false,
            "confidential_instance_config": [],
            "cpu_platform": "Intel Skylake",
            "creation_timestamp": "2025-01-10T21:31:56.310-08:00",
            "current_status": "RUNNING",
            "deletion_protection": false,
            "description": "",
            "desired_status": null,
            "effective_labels": {
              "goog-terraform-provisioned": "true"
            },
            "enable_display": false,
            "guest_accelerator": [],
            "hostname": "",
            "id": "projects/gwrdiscoverysearch1/zones/us-west4-b/instances/gwrdiscoverysearch-computeinstance",
            "instance_id": "4750581883747679396",
            "key_revocation_action_type": "",
            "label_fingerprint": "vezUS-42LLM=",
            "labels": {},
            "machine_type": "n1-standard-4",
            "metadata": {
              "install-nvidia-driver": "false",
              "user-data": "#!/bin/bash\n\nsudo usermod -aG sudo guilhermeviegas1993\nsudo -u guilhermeviegas1993 -i\n\necho \"Setting parameters ------------------------------------------\"\nexport HOME=/home/guilhermeviegas1993\necho \"export rstudio_secret=passwd123gwr\" \u003e\u003e /home/guilhermeviegas1993/.bashrc \nmkdir -p ~/.ssh\necho \"-----BEGIN OPENSSH PRIVATE KEY-----\nb3BlbnNzaC1rZXktdjEAAAAABG5vbmUAAAAEbm9uZQAAAAAAAAABAAACFwAAAAdzc2gtcnNhAAAAAwEAAQAAAgEAr596nVfvtUyesl/ZYd9xMFNtRZLHZebK4AkjeOR+2q9mpjE22ENpqmxv5hOJhKVz6muKoSI0ZzkkGY8xp66YxOkZYyDl1uhOm6xmjqS5aZItFyAwLqVKtxtv2VxkIJMvhp94qeFUq+Dtw2bxS0sMF7t8D4ytGzFvCbe7uYkQiNsGnEllUed7QyA1IUm9HWEjBbEG2zqxzLXf48hjvqQGj339Rp/sEHlriY9kN9/bZOMCz+uxyiQ51cgnPTXxlJg63d92S+RS3RE/rYkFwtg+9wOl5KfFngzNogCiNh0qHftSTNNWO1IRZVdlMSPL82XDGmzN3jho7AGtUwJ3pwjyLewrwlC3vHJUM73fCBplN4uHPpQFGIzDwW+Ot6mTdyhdoJ8YIK6++DgeUZDMhMt9LiLK3E5LLWwIMxBHAzjv974/5ounvIBPQQ9lXc64GHngqly7fG4SFNBZ7sXdd0JilWwR05z9ux9a1H1qisUD9zRufq8rsZ8x7FOghFeSRDoPU/4eYzM/Or9HoWUtiUfAi/xpC6lsTvwmPre+xUYsSxa2KzZImbomADZxYeTzVevE50PA29VwcyykjEoGa6hsJ3tcSPd4CVNwLYjeMM3uqwt8F24NrYVyqBQ4zx4kIrJai5H6WIIWx2wHe3D4PLuUTBQIkqaC/tUGMdHqVrA+thkAAAdYjWk1Ro1pNUYAAAAHc3NoLXJzYQAAAgEAr596nVfvtUyesl/ZYd9xMFNtRZLHZebK4AkjeOR+2q9mpjE22ENpqmxv5hOJhKVz6muKoSI0ZzkkGY8xp66YxOkZYyDl1uhOm6xmjqS5aZItFyAwLqVKtxtv2VxkIJMvhp94qeFUq+Dtw2bxS0sMF7t8D4ytGzFvCbe7uYkQiNsGnEllUed7QyA1IUm9HWEjBbEG2zqxzLXf48hjvqQGj339Rp/sEHlriY9kN9/bZOMCz+uxyiQ51cgnPTXxlJg63d92S+RS3RE/rYkFwtg+9wOl5KfFngzNogCiNh0qHftSTNNWO1IRZVdlMSPL82XDGmzN3jho7AGtUwJ3pwjyLewrwlC3vHJUM73fCBplN4uHPpQFGIzDwW+Ot6mTdyhdoJ8YIK6++DgeUZDMhMt9LiLK3E5LLWwIMxBHAzjv974/5ounvIBPQQ9lXc64GHngqly7fG4SFNBZ7sXdd0JilWwR05z9ux9a1H1qisUD9zRufq8rsZ8x7FOghFeSRDoPU/4eYzM/Or9HoWUtiUfAi/xpC6lsTvwmPre+xUYsSxa2KzZImbomADZxYeTzVevE50PA29VwcyykjEoGa6hsJ3tcSPd4CVNwLYjeMM3uqwt8F24NrYVyqBQ4zx4kIrJai5H6WIIWx2wHe3D4PLuUTBQIkqaC/tUGMdHqVrA+thkAAAADAQABAAACAH1afbB1JdnoWJXFKGpdjHML+UDhpYWsmD4VB8awgYMiE0iodBck9vT39V7prwyI9BXssMSWn4TWGlhMBwtC6jQSlVZWEve0VPd0tLc4CEe8WIbbKMkCnjPYV5t0ANvnctLKXNwUw9Ty9YK1paEybe06mzCWHrD8Nd9fz5R8qtqkSzGeib1OVoLxKDscYOnpfZAAbX5phKMzZh012Uwn0670JKYWW+7eW82SFdxz4is+hbFW8E3yUX2wIaHlMQv5JHtdlxhQXn0AZM0+smgC5d52MiDlR36qcNQjU6UAaCGCU5oWdsRcraICIW5TuK2AgyQHaWImLW3XPJm1dyY4knLZxT/w0sloBQMf8iGCoF9LYNx9GdvXwSy9W+oL2uo/bHbtd1HT8bsIDhJlft7XUx+f+H5OwJVaut9D782cXffm+tuRmXSsIETn3k0XlQ8uzsDKiC8RklFwtKQ+6n6cT+kWtN0K1HfhZdF+XSOGVrA4vC1eJe+FByOm/UTkTF4OqN6sdzMAIvzz/jauDvZGAL43K0NFHwyRNQweiKqJUL5NXmCop2xDhl6b8UcVIFCDFJ2faejPP2VwAfj26ro72Pbh4t96yFYWR04dQL10r0kIX8HMOZCGPm0ZADhkJinogFmOaegqclYwYaXAIDH+p8Rqm55u3BHtOkHexGhzZMmhAAABAQC8mHVwajTCgvMISXRFHcJ/Y3j1AAbC3/5daCvOd2pvfSsDW6DOegCRrBncycVLFMKEHh/FToirrByckaRoJ/DPEuyJismF9hrAK0kChnKrp1Gqqq9xhp3R73tOuFzHFJe+q964sNkoFPiyE41Y+b8w5Uhr68wsypXWtdKcKl/B1wMkGQYB2ydmfHOZ/5RoFsPNs71OfcRwxnQIMYk0WQsUp/iVBiEQVJhqtXKN36YtaJE3PpUMFcaGy90pBWu9RK43h9TNgfy51HWtUfyDbJGCPtGrXzGglor6IrJZsWj/jlmQ0oggxtyqiUqynwGp1PfZDoRxsorMgwkhtbHmHeSiAAABAQDek4y6gZedYZDAvOdJ8In8pXOVQn1TU2Yq9fZeU4SKOMliwEjLzzbHx4um60/aiDJt2FZLM0G+ghXi29nRn1ObTuWdRL/8TTV+xM7j8vtHgn0x2p6hh5UPDclGr2ItYtaFHi7hCrf71wZdBHAF7J+xFl8kgyqWHRK7hchHNK2uT6HBUUCt/9v4z7gazQG0HtlZ2Tpfi4I+4T9Uv6ThIEaxrVldhdIdiTf0rLERVkYCxquLdENLnv+ppAJ4stPENDMMu9hjMDVSbjk4Qg1bKfFeZCVuEoRmyQn8MNF81ImqQ9OLAj4SScQLqMiwMsA57pk4SsalFpf/oZC1M9+SsHUVAAABAQDJ/ukqiddpQ/cN9diuNWGykBkL4bf9o5mLO/P2CQYIa0WenqnSWIptyFxyZ5dv49ZxZzXBE8352vN+RAuvpNpaubzcGjWhb05+q5X9BqO0WAcBTYA3xo+3+4dtTWCqfL6XoZwWzE5EoxT/GYganWAIG9X59D++TKgLRBj99akMflWfM00lK2wAtoaYWnxoPSRYrD14UT4ho+LgXvJp3egZtH8xaBIk6TZxExjs4OzSoCpWrjR4TfYdT/lg4ERlv/USwMlhZZVtG14CwE8RjFCPJ13HT0sNIkhGWDZYwyh6LmpHSWmwmCefl0jpvXOrPaK73lIYEQluGeODBGDakEX1AAAAHWd1aWxoZXJtZXZpZWdhczE5OTNAZ21haWwuY29tAQIDBAU=\n-----END OPENSSH PRIVATE KEY-----\" \u003e /home/guilhermeviegas1993/.ssh/id_rsa\nchown guilhermeviegas1993:guilhermeviegas1993 /home/guilhermeviegas1993/.ssh/id_rsa\nchmod 700 /home/guilhermeviegas1993/.ssh/id_rsa\nsudo chown -R guilhermeviegas1993:guilhermeviegas1993 /home/guilhermeviegas1993/\n\necho \"Update ------------------------------------------------------\"\nsudo apt update -y\nsudo apt upgrade -y\n      \necho \"Installs ----------------------------------------------------\"\nsudo apt install -y git\nsudo apt install tree -y \nsudo apt install unzip -y\nsudo apt install -y docker.io\nsudo systemctl start docker\nsudo systemctl enable docker\nsudo curl -L \"https://github.com/docker/compose/releases/download/v2.1.1/docker-compose-$(uname -s)-$(uname -m)\" -o /usr/local/bin/docker-compose\nsudo chmod +x /usr/local/bin/docker-compose      \n# sudo apt install -y nginx\n# sudo systemctl enable nginx\n# sudo systemctl start nginx\n\necho \"Setting-up git -----------------------------------------------\"\nmkdir -p ~/.ssh\nchmod 700 ~/.ssh\ntouch ~/.ssh/id_rsa\nchmod 600 ~/.ssh/id_rsa\nssh-keyscan -H github.com \u003e\u003e ~/.ssh/known_hosts\nchmod 644 ~/.ssh/known_hosts\neval \"$(ssh-agent -s)\"\nssh-add ~/.ssh/id_rsa\ngit config --global user.email \"guilhermeviegas1993@gmail.com\"\ngit config --global user.name \"Gui-go\"\n\n# Simple UI port 80 repo -----------------------------------------------\"\nsudo -u guilhermeviegas1993 git clone https://github.com/personalVM/simple_web80.git /home/guilhermeviegas1993/simple_web80/\nsudo git config --global --add safe.directory /home/guilhermeviegas1993/simple_web80\ncd simple_web80/\nsudo docker-compose up -d\ncd\n\n# tail -f /var/log/cloud-init-output.log\n\necho \"VM init finished!\"\n\n"
            },
            "metadata_fingerprint": "QhO_y_BbCeg=",
            "metadata_startup_script": null,
            "min_cpu_platform": "",
            "name": "gwrdiscoverysearch-computeinstance",
            "network_interface": [
              {
                "access_config": [
                  {
                    "nat_ip": "34.125.85.173",
                    "network_tier": "PREMIUM",
                    "public_ptr_domain_name": ""
                  }
                ],
                "alias_ip_range": [],
                "internal_ipv6_prefix_length": 0,
                "ipv6_access_config": [],
                "ipv6_access_type": "",
                "ipv6_address": "",
                "name": "nic0",
                "network": "https://www.googleapis.com/compute/v1/projects/gwrdiscoverysearch1/global/networks/gwrdiscoverysearch-vpc",
                "network_ip": "10.182.0.2",
                "nic_type": "",
                "queue_count": 0,
                "stack_type": "IPV4_ONLY",
                "subnetwork": "https://www.googleapis.com/compute/v1/projects/gwrdiscoverysearch1/regions/us-west4/subnetworks/gwrdiscoverysearch-vpc",
                "subnetwork_project": "gwrdiscoverysearch1"
              }
            ],
            "network_performance_config": [],
            "params": [],
            "project": "gwrdiscoverysearch1",
            "reservation_affinity": [],
            "resource_policies": [],
            "scheduling": [
              {
                "automatic_restart": true,
                "availability_domain": 0,
                "instance_termination_action": "",
                "local_ssd_recovery_timeout": [],
                "max_run_duration": [],
                "min_node_cpus": 0,
                "node_affinities": [],
                "on_host_maintenance": "TERMINATE",
                "on_instance_stop_action": [],
                "preemptible": false,
                "provisioning_model": "STANDARD"
              }
            ],
            "scratch_disk": [],
            "self_link": "https://www.googleapis.com/compute/v1/projects/gwrdiscoverysearch1/zones/us-west4-b/instances/gwrdiscoverysearch-computeinstance",
            "service_account": [
              {
                "email": "gwrdiscoverysearch-sa@gwrdiscoverysearch1.iam.gserviceaccount.com",
                "scopes": [
                  "https://www.googleapis.com/auth/cloud-platform"
                ]
              }
            ],
            "shielded_instance_config": [
              {
                "enable_integrity_monitoring": true,
                "enable_secure_boot": false,
                "enable_vtpm": true
              }
            ],
            "tags": [],
            "tags_fingerprint": "42WmSpB8rSM=",
            "terraform_labels": {
              "goog-terraform-provisioned": "true"
            },
            "timeouts": null,
            "zone": "us-west4-b"
          },
          "sensitive_attributes": [
            [
              {
                "type": "get_attr",
                "value": "metadata"
              },
              {
                "type": "index",
                "value": {
                  "value": "user-data",
                  "type": "string"
                }
              }
            ]
          ],
          "private": "eyJlMmJmYjczMC1lY2FhLTExZTYtOGY4OC0zNDM2M2JjN2M0YzAiOnsiY3JlYXRlIjoxMjAwMDAwMDAwMDAwLCJkZWxldGUiOjEyMDAwMDAwMDAwMDAsInVwZGF0ZSI6MTIwMDAwMDAwMDAwMH0sInNjaGVtYV92ZXJzaW9uIjoiNiJ9",
          "dependencies": [
            "module.compute.data.google_secret_manager_secret_version.tf_mainsecret",
            "module.compute.data.google_secret_manager_secret_version.tf_secretgitprivsshk",
            "module.compute.google_service_account.tf_computeinstance_service_account",
            "module.network.google_compute_address.tf_static_ip",
            "module.network.google_compute_network.tf_vpc"
          ]
        }
      ]
    },
    {
      "module": "module.compute",
      "mode": "managed",
      "type": "google_project_iam_member",
      "name": "tf_computeinstance_storageCreator_access",
      "provider": "provider[\"registry.terraform.io/hashicorp/google\"]",
      "instances": [
        {
          "schema_version": 0,
          "attributes": {
            "condition": [],
            "etag": "BwYrZ4WO1bI=",
            "id": "gwrdiscoverysearch1/roles/storage.objectCreator/serviceAccount:gwrdiscoverysearch-sa@gwrdiscoverysearch1.iam.gserviceaccount.com",
            "member": "serviceAccount:gwrdiscoverysearch-sa@gwrdiscoverysearch1.iam.gserviceaccount.com",
            "project": "gwrdiscoverysearch1",
            "role": "roles/storage.objectCreator"
          },
          "sensitive_attributes": [],
          "private": "bnVsbA==",
          "dependencies": [
            "module.compute.google_service_account.tf_computeinstance_service_account"
          ]
        }
      ]
    },
    {
      "module": "module.compute",
      "mode": "managed",
      "type": "google_project_iam_member",
      "name": "tf_computeinstance_storageViewer_access",
      "provider": "provider[\"registry.terraform.io/hashicorp/google\"]",
      "instances": [
        {
          "schema_version": 0,
          "attributes": {
            "condition": [],
            "etag": "BwYrZ4WO1bI=",
            "id": "gwrdiscoverysearch1/roles/storage.objectViewer/serviceAccount:gwrdiscoverysearch-sa@gwrdiscoverysearch1.iam.gserviceaccount.com",
            "member": "serviceAccount:gwrdiscoverysearch-sa@gwrdiscoverysearch1.iam.gserviceaccount.com",
            "project": "gwrdiscoverysearch1",
            "role": "roles/storage.objectViewer"
          },
          "sensitive_attributes": [],
          "private": "bnVsbA==",
          "dependencies": [
            "module.compute.google_service_account.tf_computeinstance_service_account"
          ]
        }
      ]
    },
    {
      "module": "module.compute",
      "mode": "managed",
      "type": "google_service_account",
      "name": "tf_computeinstance_service_account",
      "provider": "provider[\"registry.terraform.io/hashicorp/google\"]",
      "instances": [
        {
          "schema_version": 0,
          "attributes": {
            "account_id": "gwrdiscoverysearch-sa",
            "create_ignore_already_exists": null,
            "description": "",
            "disabled": false,
            "display_name": "Service account for VM to access GCS",
            "email": "gwrdiscoverysearch-sa@gwrdiscoverysearch1.iam.gserviceaccount.com",
            "id": "projects/gwrdiscoverysearch1/serviceAccounts/gwrdiscoverysearch-sa@gwrdiscoverysearch1.iam.gserviceaccount.com",
            "member": "serviceAccount:gwrdiscoverysearch-sa@gwrdiscoverysearch1.iam.gserviceaccount.com",
            "name": "projects/gwrdiscoverysearch1/serviceAccounts/gwrdiscoverysearch-sa@gwrdiscoverysearch1.iam.gserviceaccount.com",
            "project": "gwrdiscoverysearch1",
            "timeouts": null,
            "unique_id": "104098185740359039200"
          },
          "sensitive_attributes": [],
          "private": "eyJlMmJmYjczMC1lY2FhLTExZTYtOGY4OC0zNDM2M2JjN2M0YzAiOnsiY3JlYXRlIjozMDAwMDAwMDAwMDB9fQ=="
        }
      ]
    },
    {
      "module": "module.datalake",
      "mode": "managed",
      "type": "google_storage_bucket",
      "name": "tf_references_bucket",
      "provider": "provider[\"registry.terraform.io/hashicorp/google\"]",
      "instances": [
        {
          "schema_version": 3,
          "attributes": {
            "autoclass": [],
            "cors": [],
            "custom_placement_config": [],
            "default_event_based_hold": false,
            "effective_labels": {
              "environment": "varproj_name",
              "goog-terraform-provisioned": "true",
              "owner": "guilhermeviegas",
              "project": "gwrdiscoverysearch1"
            },
            "enable_object_retention": false,
            "encryption": [],
            "force_destroy": false,
            "hierarchical_namespace": [
              {
                "enabled": false
              }
            ],
            "id": "gwrdiscoverysearch-references-bucket",
            "labels": {
              "environment": "varproj_name",
              "owner": "guilhermeviegas",
              "project": "gwrdiscoverysearch1"
            },
            "lifecycle_rule": [
              {
                "action": [
                  {
                    "storage_class": "ARCHIVE",
                    "type": "SetStorageClass"
                  }
                ],
                "condition": [
                  {
                    "age": 180,
                    "created_before": "",
                    "custom_time_before": "",
                    "days_since_custom_time": 0,
                    "days_since_noncurrent_time": 0,
                    "matches_prefix": [],
                    "matches_storage_class": [],
                    "matches_suffix": [],
                    "noncurrent_time_before": "",
                    "num_newer_versions": 0,
                    "send_age_if_zero": false,
                    "send_days_since_custom_time_if_zero": false,
                    "send_days_since_noncurrent_time_if_zero": false,
                    "send_num_newer_versions_if_zero": false,
                    "with_state": "ANY"
                  }
                ]
              }
            ],
            "location": "US",
            "logging": [],
            "name": "gwrdiscoverysearch-references-bucket",
            "project": "gwrdiscoverysearch1",
            "project_number": 489255440213,
            "public_access_prevention": "inherited",
            "requester_pays": false,
            "retention_policy": [],
            "rpo": "DEFAULT",
            "self_link": "https://www.googleapis.com/storage/v1/b/gwrdiscoverysearch-references-bucket",
            "soft_delete_policy": [
              {
                "effective_time": "2025-01-11T05:31:01.473Z",
                "retention_duration_seconds": 604800
              }
            ],
            "storage_class": "NEARLINE",
            "terraform_labels": {
              "environment": "varproj_name",
              "goog-terraform-provisioned": "true",
              "owner": "guilhermeviegas",
              "project": "gwrdiscoverysearch1"
            },
            "timeouts": null,
            "uniform_bucket_level_access": false,
            "url": "gs://gwrdiscoverysearch-references-bucket",
            "versioning": [],
            "website": []
          },
          "sensitive_attributes": [],
          "private": "eyJlMmJmYjczMC1lY2FhLTExZTYtOGY4OC0zNDM2M2JjN2M0YzAiOnsiY3JlYXRlIjo2MDAwMDAwMDAwMDAsInJlYWQiOjI0MDAwMDAwMDAwMCwidXBkYXRlIjoyNDAwMDAwMDAwMDB9LCJzY2hlbWFfdmVyc2lvbiI6IjMifQ=="
        }
      ]
    },
    {
      "module": "module.network",
      "mode": "managed",
      "type": "google_compute_address",
      "name": "tf_static_ip",
      "provider": "provider[\"registry.terraform.io/hashicorp/google\"]",
      "instances": [
        {
          "schema_version": 0,
          "attributes": {
            "address": "34.125.85.173",
            "address_type": "EXTERNAL",
            "creation_timestamp": "2025-01-10T21:31:03.372-08:00",
            "description": "",
            "effective_labels": {
              "goog-terraform-provisioned": "true"
            },
            "id": "projects/gwrdiscoverysearch1/regions/us-west4/addresses/gwrdiscoverysearch-static-ip",
            "ip_version": "",
            "ipv6_endpoint_type": "",
            "label_fingerprint": "vezUS-42LLM=",
            "labels": {},
            "name": "gwrdiscoverysearch-static-ip",
            "network": "",
            "network_tier": "PREMIUM",
            "prefix_length": 0,
            "project": "gwrdiscoverysearch1",
            "purpose": "",
            "region": "us-west4",
            "self_link": "https://www.googleapis.com/compute/v1/projects/gwrdiscoverysearch1/regions/us-west4/addresses/gwrdiscoverysearch-static-ip",
            "subnetwork": "",
            "terraform_labels": {
              "goog-terraform-provisioned": "true"
            },
            "timeouts": null,
            "users": [
              "https://www.googleapis.com/compute/v1/projects/gwrdiscoverysearch1/zones/us-west4-b/instances/gwrdiscoverysearch-computeinstance"
            ]
          },
          "sensitive_attributes": [],
          "private": "eyJlMmJmYjczMC1lY2FhLTExZTYtOGY4OC0zNDM2M2JjN2M0YzAiOnsiY3JlYXRlIjoxMjAwMDAwMDAwMDAwLCJkZWxldGUiOjEyMDAwMDAwMDAwMDAsInVwZGF0ZSI6MTIwMDAwMDAwMDAwMH19"
        }
      ]
    },
    {
      "module": "module.network",
      "mode": "managed",
      "type": "google_compute_firewall",
      "name": "tf_fw_http",
      "provider": "provider[\"registry.terraform.io/hashicorp/google\"]",
      "instances": [
        {
          "schema_version": 1,
          "attributes": {
            "allow": [
              {
                "ports": [
                  "80"
                ],
                "protocol": "tcp"
              }
            ],
            "creation_timestamp": "2025-01-10T21:31:53.246-08:00",
            "deny": [],
            "description": "",
            "destination_ranges": [],
            "direction": "INGRESS",
            "disabled": false,
            "enable_logging": null,
            "id": "projects/gwrdiscoverysearch1/global/firewalls/gwrdiscoverysearch-http",
            "log_config": [],
            "name": "gwrdiscoverysearch-http",
            "network": "https://www.googleapis.com/compute/v1/projects/gwrdiscoverysearch1/global/networks/gwrdiscoverysearch-vpc",
            "priority": 1000,
            "project": "gwrdiscoverysearch1",
            "self_link": "https://www.googleapis.com/compute/v1/projects/gwrdiscoverysearch1/global/firewalls/gwrdiscoverysearch-http",
            "source_ranges": [
              "0.0.0.0/0"
            ],
            "source_service_accounts": [],
            "source_tags": [],
            "target_service_accounts": [],
            "target_tags": [],
            "timeouts": null
          },
          "sensitive_attributes": [],
          "private": "eyJlMmJmYjczMC1lY2FhLTExZTYtOGY4OC0zNDM2M2JjN2M0YzAiOnsiY3JlYXRlIjoxMjAwMDAwMDAwMDAwLCJkZWxldGUiOjEyMDAwMDAwMDAwMDAsInVwZGF0ZSI6MTIwMDAwMDAwMDAwMH0sInNjaGVtYV92ZXJzaW9uIjoiMSJ9",
          "dependencies": [
            "module.network.google_compute_network.tf_vpc"
          ]
        }
      ]
    },
    {
      "module": "module.network",
      "mode": "managed",
      "type": "google_compute_firewall",
      "name": "tf_fw_https",
      "provider": "provider[\"registry.terraform.io/hashicorp/google\"]",
      "instances": [
        {
          "schema_version": 1,
          "attributes": {
            "allow": [
              {
                "ports": [
                  "8080"
                ],
                "protocol": "tcp"
              }
            ],
            "creation_timestamp": "2025-01-10T21:31:53.246-08:00",
            "deny": [],
            "description": "",
            "destination_ranges": [],
            "direction": "INGRESS",
            "disabled": false,
            "enable_logging": null,
            "id": "projects/gwrdiscoverysearch1/global/firewalls/gwrdiscoverysearch-https",
            "log_config": [],
            "name": "gwrdiscoverysearch-https",
            "network": "https://www.googleapis.com/compute/v1/projects/gwrdiscoverysearch1/global/networks/gwrdiscoverysearch-vpc",
            "priority": 1000,
            "project": "gwrdiscoverysearch1",
            "self_link": "https://www.googleapis.com/compute/v1/projects/gwrdiscoverysearch1/global/firewalls/gwrdiscoverysearch-https",
            "source_ranges": [
              "0.0.0.0/0"
            ],
            "source_service_accounts": [],
            "source_tags": [],
            "target_service_accounts": [],
            "target_tags": [],
            "timeouts": null
          },
          "sensitive_attributes": [],
          "private": "eyJlMmJmYjczMC1lY2FhLTExZTYtOGY4OC0zNDM2M2JjN2M0YzAiOnsiY3JlYXRlIjoxMjAwMDAwMDAwMDAwLCJkZWxldGUiOjEyMDAwMDAwMDAwMDAsInVwZGF0ZSI6MTIwMDAwMDAwMDAwMH0sInNjaGVtYV92ZXJzaW9uIjoiMSJ9",
          "dependencies": [
            "module.network.google_compute_network.tf_vpc"
          ]
        }
      ]
    },
    {
      "module": "module.network",
      "mode": "managed",
      "type": "google_compute_firewall",
      "name": "tf_fw_ssh",
      "provider": "provider[\"registry.terraform.io/hashicorp/google\"]",
      "instances": [
        {
          "schema_version": 1,
          "attributes": {
            "allow": [
              {
                "ports": [
                  "22"
                ],
                "protocol": "tcp"
              }
            ],
            "creation_timestamp": "2025-01-10T21:31:53.258-08:00",
            "deny": [],
            "description": "",
            "destination_ranges": [],
            "direction": "INGRESS",
            "disabled": false,
            "enable_logging": null,
            "id": "projects/gwrdiscoverysearch1/global/firewalls/gwrdiscoverysearch-allow-ssh",
            "log_config": [],
            "name": "gwrdiscoverysearch-allow-ssh",
            "network": "https://www.googleapis.com/compute/v1/projects/gwrdiscoverysearch1/global/networks/gwrdiscoverysearch-vpc",
            "priority": 1000,
            "project": "gwrdiscoverysearch1",
            "self_link": "https://www.googleapis.com/compute/v1/projects/gwrdiscoverysearch1/global/firewalls/gwrdiscoverysearch-allow-ssh",
            "source_ranges": [
              "0.0.0.0/0"
            ],
            "source_service_accounts": [],
            "source_tags": [],
            "target_service_accounts": [],
            "target_tags": [],
            "timeouts": null
          },
          "sensitive_attributes": [],
          "private": "eyJlMmJmYjczMC1lY2FhLTExZTYtOGY4OC0zNDM2M2JjN2M0YzAiOnsiY3JlYXRlIjoxMjAwMDAwMDAwMDAwLCJkZWxldGUiOjEyMDAwMDAwMDAwMDAsInVwZGF0ZSI6MTIwMDAwMDAwMDAwMH0sInNjaGVtYV92ZXJzaW9uIjoiMSJ9",
          "dependencies": [
            "module.network.google_compute_network.tf_vpc"
          ]
        }
      ]
    },
    {
      "module": "module.network",
      "mode": "managed",
      "type": "google_compute_network",
      "name": "tf_vpc",
      "provider": "provider[\"registry.terraform.io/hashicorp/google\"]",
      "instances": [
        {
          "schema_version": 0,
          "attributes": {
            "auto_create_subnetworks": true,
            "delete_default_routes_on_create": false,
            "description": "",
            "enable_ula_internal_ipv6": false,
            "gateway_ipv4": "",
            "id": "projects/gwrdiscoverysearch1/global/networks/gwrdiscoverysearch-vpc",
            "internal_ipv6_range": "",
            "mtu": 0,
            "name": "gwrdiscoverysearch-vpc",
            "network_firewall_policy_enforcement_order": "AFTER_CLASSIC_FIREWALL",
            "network_id": "2114716787259981051",
            "numeric_id": "2114716787259981051",
            "project": "gwrdiscoverysearch1",
            "routing_mode": "REGIONAL",
            "self_link": "https://www.googleapis.com/compute/v1/projects/gwrdiscoverysearch1/global/networks/gwrdiscoverysearch-vpc",
            "timeouts": null
          },
          "sensitive_attributes": [],
          "private": "eyJlMmJmYjczMC1lY2FhLTExZTYtOGY4OC0zNDM2M2JjN2M0YzAiOnsiY3JlYXRlIjoxMjAwMDAwMDAwMDAwLCJkZWxldGUiOjEyMDAwMDAwMDAwMDAsInVwZGF0ZSI6MTIwMDAwMDAwMDAwMH19"
        }
      ]
    },
    {
      "module": "module.network",
      "mode": "managed",
      "type": "google_dns_managed_zone",
      "name": "tf_dns_zone",
      "provider": "provider[\"registry.terraform.io/hashicorp/google\"]",
      "instances": [
        {
          "schema_version": 0,
          "attributes": {
            "cloud_logging_config": [
              {
                "enable_logging": false
              }
            ],
            "creation_time": "2025-01-11T05:31:00.408Z",
            "description": "My DNS zone",
            "dns_name": "guigo.dev.br.",
            "dnssec_config": [],
            "effective_labels": {
              "goog-terraform-provisioned": "true"
            },
            "force_destroy": false,
            "forwarding_config": [],
            "id": "projects/gwrdiscoverysearch1/managedZones/gwrdiscoverysearch-dns-zone",
            "labels": {},
            "managed_zone_id": 5634673005911651428,
            "name": "gwrdiscoverysearch-dns-zone",
            "name_servers": [
              "ns-cloud-d1.googledomains.com.",
              "ns-cloud-d2.googledomains.com.",
              "ns-cloud-d3.googledomains.com.",
              "ns-cloud-d4.googledomains.com."
            ],
            "peering_config": [],
            "private_visibility_config": [],
            "project": "gwrdiscoverysearch1",
            "terraform_labels": {
              "goog-terraform-provisioned": "true"
            },
            "timeouts": null,
            "visibility": "public"
          },
          "sensitive_attributes": [],
          "private": "eyJlMmJmYjczMC1lY2FhLTExZTYtOGY4OC0zNDM2M2JjN2M0YzAiOnsiY3JlYXRlIjoxMjAwMDAwMDAwMDAwLCJkZWxldGUiOjEyMDAwMDAwMDAwMDAsInVwZGF0ZSI6MTIwMDAwMDAwMDAwMH19"
        }
      ]
    },
    {
      "module": "module.network",
      "mode": "managed",
      "type": "google_dns_record_set",
      "name": "tf_a_record",
      "provider": "provider[\"registry.terraform.io/hashicorp/google\"]",
      "instances": [
        {
          "schema_version": 0,
          "attributes": {
            "id": "projects/gwrdiscoverysearch1/managedZones/gwrdiscoverysearch-dns-zone/rrsets/guigo.dev.br./A",
            "managed_zone": "gwrdiscoverysearch-dns-zone",
            "name": "guigo.dev.br.",
            "project": "gwrdiscoverysearch1",
            "routing_policy": [],
            "rrdatas": [
              "34.125.85.173"
            ],
            "ttl": 300,
            "type": "A"
          },
          "sensitive_attributes": [],
          "private": "bnVsbA==",
          "dependencies": [
            "module.network.google_compute_address.tf_static_ip",
            "module.network.google_dns_managed_zone.tf_dns_zone"
          ]
        }
      ]
    },
    {
      "module": "module.network",
      "mode": "managed",
      "type": "google_dns_record_set",
      "name": "tf_www_a_record",
      "provider": "provider[\"registry.terraform.io/hashicorp/google\"]",
      "instances": [
        {
          "schema_version": 0,
          "attributes": {
            "id": "projects/gwrdiscoverysearch1/managedZones/gwrdiscoverysearch-dns-zone/rrsets/www.guigo.dev.br./A",
            "managed_zone": "gwrdiscoverysearch-dns-zone",
            "name": "www.guigo.dev.br.",
            "project": "gwrdiscoverysearch1",
            "routing_policy": [],
            "rrdatas": [
              "34.125.85.173"
            ],
            "ttl": 300,
            "type": "A"
          },
          "sensitive_attributes": [],
          "private": "bnVsbA==",
          "dependencies": [
            "module.network.google_compute_address.tf_static_ip",
            "module.network.google_dns_managed_zone.tf_dns_zone"
          ]
        }
      ]
    },
    {
      "module": "module.searchengine",
      "mode": "managed",
      "type": "google_discovery_engine_data_store",
      "name": "tf_gwr_references_datastore",
      "provider": "provider[\"registry.terraform.io/hashicorp/google\"]",
      "instances": [
        {
          "schema_version": 0,
          "attributes": {
            "content_config": "CONTENT_REQUIRED",
            "create_advanced_site_search": false,
            "create_time": "2025-01-11T05:34:09.100530Z",
            "data_store_id": "gwrdiscoverysearch-references-datastore",
            "default_schema_id": "default_schema",
            "display_name": "References DataStore",
            "document_processing_config": [
              {
                "chunking_config": [],
                "default_parsing_config": [
                  {
                    "digital_parsing_config": [
                      {}
                    ],
                    "layout_parsing_config": [],
                    "ocr_parsing_config": []
                  }
                ],
                "name": "projects/489255440213/locations/global/collections/default_collection/dataStores/gwrdiscoverysearch-references-datastore/documentProcessingConfig",
                "parsing_config_overrides": []
              }
            ],
            "id": "projects/gwrdiscoverysearch1/locations/global/collections/default_collection/dataStores/gwrdiscoverysearch-references-datastore",
            "industry_vertical": "GENERIC",
            "location": "global",
            "name": "projects/489255440213/locations/global/collections/default_collection/dataStores/gwrdiscoverysearch-references-datastore",
            "project": "gwrdiscoverysearch1",
            "skip_default_schema_creation": false,
            "solution_types": [
              "SOLUTION_TYPE_SEARCH"
            ],
            "timeouts": null
          },
          "sensitive_attributes": [],
          "private": "eyJlMmJmYjczMC1lY2FhLTExZTYtOGY4OC0zNDM2M2JjN2M0YzAiOnsiY3JlYXRlIjoxMjAwMDAwMDAwMDAwLCJkZWxldGUiOjEyMDAwMDAwMDAwMDAsInVwZGF0ZSI6MTIwMDAwMDAwMDAwMH19"
        }
      ]
    },
    {
      "module": "module.searchengine",
      "mode": "managed",
      "type": "google_discovery_engine_search_engine",
      "name": "tf_gwr_searchengine",
      "provider": "provider[\"registry.terraform.io/hashicorp/google\"]",
      "instances": [
        {
          "schema_version": 0,
          "attributes": {
            "collection_id": "default_collection",
            "common_config": [
              {
                "company_name": "Guigo"
              }
            ],
            "create_time": "",
            "data_store_ids": [
              "gwrdiscoverysearch-references-datastore"
            ],
            "display_name": "GWR References Seearch Engine",
            "engine_id": "gwrdiscoverysearch-search-engine",
            "id": "projects/gwrdiscoverysearch1/locations/global/collections/default_collection/engines/gwrdiscoverysearch-search-engine",
            "industry_vertical": "GENERIC",
            "location": "global",
            "name": "projects/489255440213/locations/global/collections/default_collection/engines/gwrdiscoverysearch-search-engine",
            "project": "gwrdiscoverysearch1",
            "search_engine_config": [
              {
                "search_add_ons": [
                  "SEARCH_ADD_ON_LLM"
                ],
                "search_tier": "SEARCH_TIER_STANDARD"
              }
            ],
            "timeouts": null,
            "update_time": ""
          },
          "sensitive_attributes": [],
          "private": "eyJlMmJmYjczMC1lY2FhLTExZTYtOGY4OC0zNDM2M2JjN2M0YzAiOnsiY3JlYXRlIjoxMjAwMDAwMDAwMDAwLCJkZWxldGUiOjEyMDAwMDAwMDAwMDAsInVwZGF0ZSI6MTIwMDAwMDAwMDAwMH19",
          "dependencies": [
            "module.searchengine.google_discovery_engine_data_store.tf_gwr_references_datastore"
          ]
        }
      ]
    }
  ],
  "check_results": null
}
